
Microsoft Visual Studio Solution File, Format Version 12.00
# Visual Studio Version 17
VisualStudioVersion = 17.13.35919.96
MinimumVisualStudioVersion = 10.0.40219.1
Project("{FAE04EC0-301F-11D3-BF4B-00C04F79EFBC}") = "Calendario", "Calendario.csproj", "{F5F549C3-0F4E-4B1A-A8B0-134CA0AA309C}"
EndProject
Project("{FAE04EC0-301F-11D3-BF4B-00C04F79EFBC}") = "UtilesCs", "..\..\UtilesCs\Código\UtilesCs\UtilesCs.csproj", "{F17CF857-C16A-4968-9612-CDAEA033467E}"
EndProject
Global
	GlobalSection(SolutionConfigurationPlatforms) = preSolution
		Debug|Any CPU = Debug|Any CPU
		Release|Any CPU = Release|Any CPU
	EndGlobalSection
	GlobalSection(ProjectConfigurationPlatforms) = postSolution
		{F5F549C3-0F4E-4B1A-A8B0-134CA0AA309C}.Debug|Any CPU.ActiveCfg = Debug|Any CPU
		{F5F549C3-0F4E-4B1A-A8B0-134CA0AA309C}.Debug|Any CPU.Build.0 = Debug|Any CPU
		{F5F549C3-0F4E-4B1A-A8B0-134CA0AA309C}.Release|Any CPU.ActiveCfg = Release|Any CPU
		{F5F549C3-0F4E-4B1A-A8B0-134CA0AA309C}.Release|Any CPU.Build.0 = Release|Any CPU
		{6DEE8B1F-E970-437D-9F11-E1C1271CAD77}.Debug|Any CPU.ActiveCfg = Debug|Any CPU
		{6DEE8B1F-E970-437D-9F11-E1C1271CAD77}.Debug|Any CPU.Build.0 = Debug|Any CPU
		{6DEE8B1F-E970-437D-9F11-E1C1271CAD77}.Release|Any CPU.ActiveCfg = Release|Any CPU
		{6DEE8B1F-E970-437D-9F11-E1C1271CAD77}.Release|Any CPU.Build.0 = Release|Any CPU
		{F17CF857-C16A-4968-9612-CDAEA033467E}.Debug|Any CPU.ActiveCfg = Debug|Any CPU
		{F17CF857-C16A-4968-9612-CDAEA033467E}.Debug|Any CPU.Build.0 = Debug|Any CPU
		{F17CF857-C16A-4968-9612-CDAEA033467E}.Release|Any CPU.ActiveCfg = Release|Any CPU
		{F17CF857-C16A-4968-9612-CDAEA033467E}.Release|Any CPU.Build.0 = Release|Any CPU
	EndGlobalSection
	GlobalSection(SolutionProperties) = preSolution
		HideSolutionNode = FALSE
	EndGlobalSection
	GlobalSection(ExtensibilityGlobals) = postSolution
		SolutionGuid = {37EA1644-F2A2-4B7F-A264-7FB02371C825}
	EndGlobalSection
EndGlobal
